
Microsoft Visual Studio Solution File, Format Version 12.00
# Visual Studio Version 17
VisualStudioVersion = 17.14.36221.1 d17.14
MinimumVisualStudioVersion = 10.0.40219.1
Project("{FAE04EC0-301F-11D3-BF4B-00C04F79EFBC}") = "ConceptsPOO", "ConceptsPOO\ConceptsPOO.csproj", "{4FED0E09-B275-4251-9077-10C1478C253D}"
EndProject
Global
	GlobalSection(SolutionConfigurationPlatforms) = preSolution
		Debug|Any CPU = Debug|Any CPU
		Release|Any CPU = Release|Any CPU
	EndGlobalSection
	GlobalSection(ProjectConfigurationPlatforms) = postSolution
		{4FED0E09-B275-4251-9077-10C1478C253D}.Debug|Any CPU.ActiveCfg = Debug|Any CPU
		{4FED0E09-B275-4251-9077-10C1478C253D}.Debug|Any CPU.Build.0 = Debug|Any CPU
		{4FED0E09-B275-4251-9077-10C1478C253D}.Release|Any CPU.ActiveCfg = Release|Any CPU
		{4FED0E09-B275-4251-9077-10C1478C253D}.Release|Any CPU.Build.0 = Release|Any CPU
	EndGlobalSection
	GlobalSection(SolutionProperties) = preSolution
		HideSolutionNode = FALSE
	EndGlobalSection
	GlobalSection(ExtensibilityGlobals) = postSolution
		SolutionGuid = {DF1E6D02-9B1E-4784-B76E-D4CAA2B5432B}
	EndGlobalSection
EndGlobal
